
Microsoft Visual Studio Solution File, Format Version 12.00
# Visual Studio Version 17
VisualStudioVersion = 17.3.32901.215
MinimumVisualStudioVersion = 10.0.40219.1
Project("{2150E333-8FDC-42A3-9474-1A3956D46DE8}") = "Services", "Services", "{1A4E4A0C-C311-40FB-A423-2405DAAC8509}"
EndProject
Project("{2150E333-8FDC-42A3-9474-1A3956D46DE8}") = "Catalog", "Catalog", "{149CA481-4E32-4AF5-9790-F0280D93EE2E}"
EndProject
Project("{9A19103F-16F7-4668-BE54-9A1E7A4F7556}") = "Catalog.API", "Services\Catalog\Catalog.API\Catalog.API.csproj", "{70378AC4-FC38-4BFA-A385-6DC89419D995}"
EndProject
Project("{E53339B2-1760-4266-BCC7-CA923CBCF16C}") = "docker-compose", "docker-compose.dcproj", "{D7BAC601-6CC5-47DB-A811-34EF2154A330}"
EndProject
Project("{2150E333-8FDC-42A3-9474-1A3956D46DE8}") = "Basket", "Basket", "{B8F756CC-D403-4B58-A122-D21D3E2BFF73}"
EndProject
Project("{FAE04EC0-301F-11D3-BF4B-00C04F79EFBC}") = "Basket.API", "Services\Basket\Basket.API\Basket.API.csproj", "{745BCE2C-6548-41F1-BC59-B83A94485BE2}"
EndProject
Global
	GlobalSection(SolutionConfigurationPlatforms) = preSolution
		Debug|Any CPU = Debug|Any CPU
		Release|Any CPU = Release|Any CPU
	EndGlobalSection
	GlobalSection(ProjectConfigurationPlatforms) = postSolution
		{70378AC4-FC38-4BFA-A385-6DC89419D995}.Debug|Any CPU.ActiveCfg = Debug|Any CPU
		{70378AC4-FC38-4BFA-A385-6DC89419D995}.Debug|Any CPU.Build.0 = Debug|Any CPU
		{70378AC4-FC38-4BFA-A385-6DC89419D995}.Release|Any CPU.ActiveCfg = Release|Any CPU
		{70378AC4-FC38-4BFA-A385-6DC89419D995}.Release|Any CPU.Build.0 = Release|Any CPU
		{D7BAC601-6CC5-47DB-A811-34EF2154A330}.Debug|Any CPU.ActiveCfg = Debug|Any CPU
		{D7BAC601-6CC5-47DB-A811-34EF2154A330}.Debug|Any CPU.Build.0 = Debug|Any CPU
		{D7BAC601-6CC5-47DB-A811-34EF2154A330}.Release|Any CPU.ActiveCfg = Release|Any CPU
		{D7BAC601-6CC5-47DB-A811-34EF2154A330}.Release|Any CPU.Build.0 = Release|Any CPU
		{745BCE2C-6548-41F1-BC59-B83A94485BE2}.Debug|Any CPU.ActiveCfg = Debug|Any CPU
		{745BCE2C-6548-41F1-BC59-B83A94485BE2}.Debug|Any CPU.Build.0 = Debug|Any CPU
		{745BCE2C-6548-41F1-BC59-B83A94485BE2}.Release|Any CPU.ActiveCfg = Release|Any CPU
		{745BCE2C-6548-41F1-BC59-B83A94485BE2}.Release|Any CPU.Build.0 = Release|Any CPU
	EndGlobalSection
	GlobalSection(SolutionProperties) = preSolution
		HideSolutionNode = FALSE
	EndGlobalSection
	GlobalSection(NestedProjects) = preSolution
		{149CA481-4E32-4AF5-9790-F0280D93EE2E} = {1A4E4A0C-C311-40FB-A423-2405DAAC8509}
		{70378AC4-FC38-4BFA-A385-6DC89419D995} = {149CA481-4E32-4AF5-9790-F0280D93EE2E}
		{B8F756CC-D403-4B58-A122-D21D3E2BFF73} = {1A4E4A0C-C311-40FB-A423-2405DAAC8509}
		{745BCE2C-6548-41F1-BC59-B83A94485BE2} = {B8F756CC-D403-4B58-A122-D21D3E2BFF73}
	EndGlobalSection
	GlobalSection(ExtensibilityGlobals) = postSolution
		SolutionGuid = {51DC4945-704A-4A5B-B2CF-424D305C18F6}
	EndGlobalSection
EndGlobal
